
Microsoft Visual Studio Solution File, Format Version 12.00
# Visual Studio Version 18
VisualStudioVersion = 18.5.11723.231
MinimumVisualStudioVersion = 10.0.40219.1
Project("{FAE04EC0-301F-11D3-BF4B-00C04F79EFBC}") = "PrimoAutoEletrica", "PrimoAutoEletrica\PrimoAutoEletrica.csproj", "{6C2D97DA-B65E-468D-9998-4782BAA26AA7}"
EndProject
Project("{2150E333-8FDC-42A3-9474-1A3956D46DE8}") = "Tools", "Tools", "{07C2787E-EAC7-C090-1BA3-A61EC2A24D84}"
EndProject
Project("{FAE04EC0-301F-11D3-BF4B-00C04F79EFBC}") = "LocalSyncSimulator", "Tools\LocalSyncSimulator\LocalSyncSimulator.csproj", "{C5AFB0DB-8C56-4C3C-B29E-ABC8B908FF74}"
EndProject
Project("{2150E333-8FDC-42A3-9474-1A3956D46DE8}") = "Tests", "Tests", "{0AB3BF05-4346-4AA6-1389-037BE0695223}"
EndProject
Project("{FAE04EC0-301F-11D3-BF4B-00C04F79EFBC}") = "PrimoAutoEletrica.Tests", "Tests\PrimoAutoEletrica.Tests\PrimoAutoEletrica.Tests.csproj", "{0D90C33A-54B0-4CE9-A221-BB324C684B0A}"
EndProject
Project("{FAE04EC0-301F-11D3-BF4B-00C04F79EFBC}") = "DbConfigurator", "Tools\DbConfigurator\DbConfigurator.csproj", "{90C486DB-B787-4F9B-947D-716EA31D6C8D}"
EndProject
Project("{FAE04EC0-301F-11D3-BF4B-00C04F79EFBC}") = "PrimoAutoEletrica.UiTests", "PrimoAutoEletrica.UiTests\PrimoAutoEletrica.UiTests.csproj", "{DF288A2D-27B0-4068-9E30-54840B72C387}"
EndProject
Project("{FAE04EC0-301F-11D3-BF4B-00C04F79EFBC}") = "PrimoAutoEletrica.Api", "PrimoAutoEletrica.Api\PrimoAutoEletrica.Api.csproj", "{C75A50FB-B187-4B41-92A3-80B49F881EE7}"
EndProject
Project("{FAE04EC0-301F-11D3-BF4B-00C04F79EFBC}") = "PRIMOX.Domain", "PRIMOX.Domain\PRIMOX.Domain.csproj", "{1142DFA4-AB84-441C-AC9D-D7012A9807AC}"
EndProject
Project("{FAE04EC0-301F-11D3-BF4B-00C04F79EFBC}") = "PRIMOX.Application", "PRIMOX.Application\PRIMOX.Application.csproj", "{6CAFC9E5-EBFE-4F93-8E56-183F0CDEBC64}"
EndProject
Project("{FAE04EC0-301F-11D3-BF4B-00C04F79EFBC}") = "PRIMOX.Infrastructure", "PRIMOX.Infrastructure\PRIMOX.Infrastructure.csproj", "{DF37CA5D-4332-4B36-9CDB-000B374C81D5}"
EndProject
Project("{FAE04EC0-301F-11D3-BF4B-00C04F79EFBC}") = "PRIMOX.Domain.Tests", "Tests\PRIMOX.Domain.Tests\PRIMOX.Domain.Tests.csproj", "{A1653E57-A4BB-4124-B51C-7BCDF313FF79}"
EndProject
Project("{FAE04EC0-301F-11D3-BF4B-00C04F79EFBC}") = "PRIMOX.Application.Tests", "Tests\PRIMOX.Application.Tests\PRIMOX.Application.Tests.csproj", "{C0C4A5BA-F810-434B-BA7D-E3A419D1DE17}"
EndProject
Project("{FAE04EC0-301F-11D3-BF4B-00C04F79EFBC}") = "PRIMOX.Architecture.Tests", "Tests\PRIMOX.Architecture.Tests\PRIMOX.Architecture.Tests.csproj", "{0D48A298-44CE-4F7A-BE2E-BF08EA264B9A}"
EndProject
Global
	GlobalSection(SolutionConfigurationPlatforms) = preSolution
		Debug|Any CPU = Debug|Any CPU
		Debug|x64 = Debug|x64
		Debug|x86 = Debug|x86
		Release|Any CPU = Release|Any CPU
		Release|x64 = Release|x64
		Release|x86 = Release|x86
	EndGlobalSection
	GlobalSection(ProjectConfigurationPlatforms) = postSolution
		{6C2D97DA-B65E-468D-9998-4782BAA26AA7}.Debug|Any CPU.ActiveCfg = Debug|Any CPU
		{6C2D97DA-B65E-468D-9998-4782BAA26AA7}.Debug|Any CPU.Build.0 = Debug|Any CPU
		{6C2D97DA-B65E-468D-9998-4782BAA26AA7}.Debug|x64.ActiveCfg = Debug|Any CPU
		{6C2D97DA-B65E-468D-9998-4782BAA26AA7}.Debug|x64.Build.0 = Debug|Any CPU
		{6C2D97DA-B65E-468D-9998-4782BAA26AA7}.Debug|x86.ActiveCfg = Debug|Any CPU
		{6C2D97DA-B65E-468D-9998-4782BAA26AA7}.Debug|x86.Build.0 = Debug|Any CPU
		{6C2D97DA-B65E-468D-9998-4782BAA26AA7}.Release|Any CPU.ActiveCfg = Release|Any CPU
		{6C2D97DA-B65E-468D-9998-4782BAA26AA7}.Release|Any CPU.Build.0 = Release|Any CPU
		{6C2D97DA-B65E-468D-9998-4782BAA26AA7}.Release|x64.ActiveCfg = Release|Any CPU
		{6C2D97DA-B65E-468D-9998-4782BAA26AA7}.Release|x64.Build.0 = Release|Any CPU
		{6C2D97DA-B65E-468D-9998-4782BAA26AA7}.Release|x86.ActiveCfg = Release|Any CPU
		{6C2D97DA-B65E-468D-9998-4782BAA26AA7}.Release|x86.Build.0 = Release|Any CPU
		{C5AFB0DB-8C56-4C3C-B29E-ABC8B908FF74}.Debug|Any CPU.ActiveCfg = Debug|Any CPU
		{C5AFB0DB-8C56-4C3C-B29E-ABC8B908FF74}.Debug|Any CPU.Build.0 = Debug|Any CPU
		{C5AFB0DB-8C56-4C3C-B29E-ABC8B908FF74}.Debug|x64.ActiveCfg = Debug|Any CPU
		{C5AFB0DB-8C56-4C3C-B29E-ABC8B908FF74}.Debug|x64.Build.0 = Debug|Any CPU
		{C5AFB0DB-8C56-4C3C-B29E-ABC8B908FF74}.Debug|x86.ActiveCfg = Debug|Any CPU
		{C5AFB0DB-8C56-4C3C-B29E-ABC8B908FF74}.Debug|x86.Build.0 = Debug|Any CPU
		{C5AFB0DB-8C56-4C3C-B29E-ABC8B908FF74}.Release|Any CPU.ActiveCfg = Release|Any CPU
		{C5AFB0DB-8C56-4C3C-B29E-ABC8B908FF74}.Release|Any CPU.Build.0 = Release|Any CPU
		{C5AFB0DB-8C56-4C3C-B29E-ABC8B908FF74}.Release|x64.ActiveCfg = Release|Any CPU
		{C5AFB0DB-8C56-4C3C-B29E-ABC8B908FF74}.Release|x64.Build.0 = Release|Any CPU
		{C5AFB0DB-8C56-4C3C-B29E-ABC8B908FF74}.Release|x86.ActiveCfg = Release|Any CPU
		{C5AFB0DB-8C56-4C3C-B29E-ABC8B908FF74}.Release|x86.Build.0 = Release|Any CPU
		{0D90C33A-54B0-4CE9-A221-BB324C684B0A}.Debug|Any CPU.ActiveCfg = Debug|Any CPU
		{0D90C33A-54B0-4CE9-A221-BB324C684B0A}.Debug|Any CPU.Build.0 = Debug|Any CPU
		{0D90C33A-54B0-4CE9-A221-BB324C684B0A}.Debug|x64.ActiveCfg = Debug|Any CPU
		{0D90C33A-54B0-4CE9-A221-BB324C684B0A}.Debug|x64.Build.0 = Debug|Any CPU
		{0D90C33A-54B0-4CE9-A221-BB324C684B0A}.Debug|x86.ActiveCfg = Debug|Any CPU
		{0D90C33A-54B0-4CE9-A221-BB324C684B0A}.Debug|x86.Build.0 = Debug|Any CPU
		{0D90C33A-54B0-4CE9-A221-BB324C684B0A}.Release|Any CPU.ActiveCfg = Release|Any CPU
		{0D90C33A-54B0-4CE9-A221-BB324C684B0A}.Release|Any CPU.Build.0 = Release|Any CPU
		{0D90C33A-54B0-4CE9-A221-BB324C684B0A}.Release|x64.ActiveCfg = Release|Any CPU
		{0D90C33A-54B0-4CE9-A221-BB324C684B0A}.Release|x64.Build.0 = Release|Any CPU
		{0D90C33A-54B0-4CE9-A221-BB324C684B0A}.Release|x86.ActiveCfg = Release|Any CPU
		{0D90C33A-54B0-4CE9-A221-BB324C684B0A}.Release|x86.Build.0 = Release|Any CPU
		{90C486DB-B787-4F9B-947D-716EA31D6C8D}.Debug|Any CPU.ActiveCfg = Debug|Any CPU
		{90C486DB-B787-4F9B-947D-716EA31D6C8D}.Debug|Any CPU.Build.0 = Debug|Any CPU
		{90C486DB-B787-4F9B-947D-716EA31D6C8D}.Debug|x64.ActiveCfg = Debug|Any CPU
		{90C486DB-B787-4F9B-947D-716EA31D6C8D}.Debug|x64.Build.0 = Debug|Any CPU
		{90C486DB-B787-4F9B-947D-716EA31D6C8D}.Debug|x86.ActiveCfg = Debug|Any CPU
		{90C486DB-B787-4F9B-947D-716EA31D6C8D}.Debug|x86.Build.0 = Debug|Any CPU
		{90C486DB-B787-4F9B-947D-716EA31D6C8D}.Release|Any CPU.ActiveCfg = Release|Any CPU
		{90C486DB-B787-4F9B-947D-716EA31D6C8D}.Release|Any CPU.Build.0 = Release|Any CPU
		{90C486DB-B787-4F9B-947D-716EA31D6C8D}.Release|x64.ActiveCfg = Release|Any CPU
		{90C486DB-B787-4F9B-947D-716EA31D6C8D}.Release|x64.Build.0 = Release|Any CPU
		{90C486DB-B787-4F9B-947D-716EA31D6C8D}.Release|x86.ActiveCfg = Release|Any CPU
		{90C486DB-B787-4F9B-947D-716EA31D6C8D}.Release|x86.Build.0 = Release|Any CPU
		{DF288A2D-27B0-4068-9E30-54840B72C387}.Debug|Any CPU.ActiveCfg = Debug|Any CPU
		{DF288A2D-27B0-4068-9E30-54840B72C387}.Debug|Any CPU.Build.0 = Debug|Any CPU
		{DF288A2D-27B0-4068-9E30-54840B72C387}.Debug|x64.ActiveCfg = Debug|Any CPU
		{DF288A2D-27B0-4068-9E30-54840B72C387}.Debug|x64.Build.0 = Debug|Any CPU
		{DF288A2D-27B0-4068-9E30-54840B72C387}.Debug|x86.ActiveCfg = Debug|Any CPU
		{DF288A2D-27B0-4068-9E30-54840B72C387}.Debug|x86.Build.0 = Debug|Any CPU
		{DF288A2D-27B0-4068-9E30-54840B72C387}.Release|Any CPU.ActiveCfg = Release|Any CPU
		{DF288A2D-27B0-4068-9E30-54840B72C387}.Release|Any CPU.Build.0 = Release|Any CPU
		{DF288A2D-27B0-4068-9E30-54840B72C387}.Release|x64.ActiveCfg = Release|Any CPU
		{DF288A2D-27B0-4068-9E30-54840B72C387}.Release|x64.Build.0 = Release|Any CPU
		{DF288A2D-27B0-4068-9E30-54840B72C387}.Release|x86.ActiveCfg = Release|Any CPU
		{DF288A2D-27B0-4068-9E30-54840B72C387}.Release|x86.Build.0 = Release|Any CPU
		{C75A50FB-B187-4B41-92A3-80B49F881EE7}.Debug|Any CPU.ActiveCfg = Debug|Any CPU
		{C75A50FB-B187-4B41-92A3-80B49F881EE7}.Debug|Any CPU.Build.0 = Debug|Any CPU
		{C75A50FB-B187-4B41-92A3-80B49F881EE7}.Debug|x64.ActiveCfg = Debug|Any CPU
		{C75A50FB-B187-4B41-92A3-80B49F881EE7}.Debug|x64.Build.0 = Debug|Any CPU
		{C75A50FB-B187-4B41-92A3-80B49F881EE7}.Debug|x86.ActiveCfg = Debug|Any CPU
		{C75A50FB-B187-4B41-92A3-80B49F881EE7}.Debug|x86.Build.0 = Debug|Any CPU
		{C75A50FB-B187-4B41-92A3-80B49F881EE7}.Release|Any CPU.ActiveCfg = Release|Any CPU
		{C75A50FB-B187-4B41-92A3-80B49F881EE7}.Release|Any CPU.Build.0 = Release|Any CPU
		{C75A50FB-B187-4B41-92A3-80B49F881EE7}.Release|x64.ActiveCfg = Release|Any CPU
		{C75A50FB-B187-4B41-92A3-80B49F881EE7}.Release|x64.Build.0 = Release|Any CPU
		{C75A50FB-B187-4B41-92A3-80B49F881EE7}.Release|x86.ActiveCfg = Release|Any CPU
		{C75A50FB-B187-4B41-92A3-80B49F881EE7}.Release|x86.Build.0 = Release|Any CPU
		{1142DFA4-AB84-441C-AC9D-D7012A9807AC}.Debug|Any CPU.ActiveCfg = Debug|Any CPU
		{1142DFA4-AB84-441C-AC9D-D7012A9807AC}.Debug|Any CPU.Build.0 = Debug|Any CPU
		{1142DFA4-AB84-441C-AC9D-D7012A9807AC}.Debug|x64.ActiveCfg = Debug|Any CPU
		{1142DFA4-AB84-441C-AC9D-D7012A9807AC}.Debug|x64.Build.0 = Debug|Any CPU
		{1142DFA4-AB84-441C-AC9D-D7012A9807AC}.Debug|x86.ActiveCfg = Debug|Any CPU
		{1142DFA4-AB84-441C-AC9D-D7012A9807AC}.Debug|x86.Build.0 = Debug|Any CPU
		{1142DFA4-AB84-441C-AC9D-D7012A9807AC}.Release|Any CPU.ActiveCfg = Release|Any CPU
		{1142DFA4-AB84-441C-AC9D-D7012A9807AC}.Release|Any CPU.Build.0 = Release|Any CPU
		{1142DFA4-AB84-441C-AC9D-D7012A9807AC}.Release|x64.ActiveCfg = Release|Any CPU
		{1142DFA4-AB84-441C-AC9D-D7012A9807AC}.Release|x64.Build.0 = Release|Any CPU
		{1142DFA4-AB84-441C-AC9D-D7012A9807AC}.Release|x86.ActiveCfg = Release|Any CPU
		{1142DFA4-AB84-441C-AC9D-D7012A9807AC}.Release|x86.Build.0 = Release|Any CPU
		{6CAFC9E5-EBFE-4F93-8E56-183F0CDEBC64}.Debug|Any CPU.ActiveCfg = Debug|Any CPU
		{6CAFC9E5-EBFE-4F93-8E56-183F0CDEBC64}.Debug|Any CPU.Build.0 = Debug|Any CPU
		{6CAFC9E5-EBFE-4F93-8E56-183F0CDEBC64}.Debug|x64.ActiveCfg = Debug|Any CPU
		{6CAFC9E5-EBFE-4F93-8E56-183F0CDEBC64}.Debug|x64.Build.0 = Debug|Any CPU
		{6CAFC9E5-EBFE-4F93-8E56-183F0CDEBC64}.Debug|x86.ActiveCfg = Debug|Any CPU
		{6CAFC9E5-EBFE-4F93-8E56-183F0CDEBC64}.Debug|x86.Build.0 = Debug|Any CPU
		{6CAFC9E5-EBFE-4F93-8E56-183F0CDEBC64}.Release|Any CPU.ActiveCfg = Release|Any CPU
		{6CAFC9E5-EBFE-4F93-8E56-183F0CDEBC64}.Release|Any CPU.Build.0 = Release|Any CPU
		{6CAFC9E5-EBFE-4F93-8E56-183F0CDEBC64}.Release|x64.ActiveCfg = Release|Any CPU
		{6CAFC9E5-EBFE-4F93-8E56-183F0CDEBC64}.Release|x64.Build.0 = Release|Any CPU
		{6CAFC9E5-EBFE-4F93-8E56-183F0CDEBC64}.Release|x86.ActiveCfg = Release|Any CPU
		{6CAFC9E5-EBFE-4F93-8E56-183F0CDEBC64}.Release|x86.Build.0 = Release|Any CPU
		{DF37CA5D-4332-4B36-9CDB-000B374C81D5}.Debug|Any CPU.ActiveCfg = Debug|Any CPU
		{DF37CA5D-4332-4B36-9CDB-000B374C81D5}.Debug|Any CPU.Build.0 = Debug|Any CPU
		{DF37CA5D-4332-4B36-9CDB-000B374C81D5}.Debug|x64.ActiveCfg = Debug|Any CPU
		{DF37CA5D-4332-4B36-9CDB-000B374C81D5}.Debug|x64.Build.0 = Debug|Any CPU
		{DF37CA5D-4332-4B36-9CDB-000B374C81D5}.Debug|x86.ActiveCfg = Debug|Any CPU
		{DF37CA5D-4332-4B36-9CDB-000B374C81D5}.Debug|x86.Build.0 = Debug|Any CPU
		{DF37CA5D-4332-4B36-9CDB-000B374C81D5}.Release|Any CPU.ActiveCfg = Release|Any CPU
		{DF37CA5D-4332-4B36-9CDB-000B374C81D5}.Release|Any CPU.Build.0 = Release|Any CPU
		{DF37CA5D-4332-4B36-9CDB-000B374C81D5}.Release|x64.ActiveCfg = Release|Any CPU
		{DF37CA5D-4332-4B36-9CDB-000B374C81D5}.Release|x64.Build.0 = Release|Any CPU
		{DF37CA5D-4332-4B36-9CDB-000B374C81D5}.Release|x86.ActiveCfg = Release|Any CPU
		{DF37CA5D-4332-4B36-9CDB-000B374C81D5}.Release|x86.Build.0 = Release|Any CPU
		{A1653E57-A4BB-4124-B51C-7BCDF313FF79}.Debug|Any CPU.ActiveCfg = Debug|Any CPU
		{A1653E57-A4BB-4124-B51C-7BCDF313FF79}.Debug|Any CPU.Build.0 = Debug|Any CPU
		{A1653E57-A4BB-4124-B51C-7BCDF313FF79}.Debug|x64.ActiveCfg = Debug|Any CPU
		{A1653E57-A4BB-4124-B51C-7BCDF313FF79}.Debug|x64.Build.0 = Debug|Any CPU
		{A1653E57-A4BB-4124-B51C-7BCDF313FF79}.Debug|x86.ActiveCfg = Debug|Any CPU
		{A1653E57-A4BB-4124-B51C-7BCDF313FF79}.Debug|x86.Build.0 = Debug|Any CPU
		{A1653E57-A4BB-4124-B51C-7BCDF313FF79}.Release|Any CPU.ActiveCfg = Release|Any CPU
		{A1653E57-A4BB-4124-B51C-7BCDF313FF79}.Release|Any CPU.Build.0 = Release|Any CPU
		{A1653E57-A4BB-4124-B51C-7BCDF313FF79}.Release|x64.ActiveCfg = Release|Any CPU
		{A1653E57-A4BB-4124-B51C-7BCDF313FF79}.Release|x64.Build.0 = Release|Any CPU
		{A1653E57-A4BB-4124-B51C-7BCDF313FF79}.Release|x86.ActiveCfg = Release|Any CPU
		{A1653E57-A4BB-4124-B51C-7BCDF313FF79}.Release|x86.Build.0 = Release|Any CPU
		{C0C4A5BA-F810-434B-BA7D-E3A419D1DE17}.Debug|Any CPU.ActiveCfg = Debug|Any CPU
		{C0C4A5BA-F810-434B-BA7D-E3A419D1DE17}.Debug|Any CPU.Build.0 = Debug|Any CPU
		{C0C4A5BA-F810-434B-BA7D-E3A419D1DE17}.Debug|x64.ActiveCfg = Debug|Any CPU
		{C0C4A5BA-F810-434B-BA7D-E3A419D1DE17}.Debug|x64.Build.0 = Debug|Any CPU
		{C0C4A5BA-F810-434B-BA7D-E3A419D1DE17}.Debug|x86.ActiveCfg = Debug|Any CPU
		{C0C4A5BA-F810-434B-BA7D-E3A419D1DE17}.Debug|x86.Build.0 = Debug|Any CPU
		{C0C4A5BA-F810-434B-BA7D-E3A419D1DE17}.Release|Any CPU.ActiveCfg = Release|Any CPU
		{C0C4A5BA-F810-434B-BA7D-E3A419D1DE17}.Release|Any CPU.Build.0 = Release|Any CPU
		{C0C4A5BA-F810-434B-BA7D-E3A419D1DE17}.Release|x64.ActiveCfg = Release|Any CPU
		{C0C4A5BA-F810-434B-BA7D-E3A419D1DE17}.Release|x64.Build.0 = Release|Any CPU
		{C0C4A5BA-F810-434B-BA7D-E3A419D1DE17}.Release|x86.ActiveCfg = Release|Any CPU
		{C0C4A5BA-F810-434B-BA7D-E3A419D1DE17}.Release|x86.Build.0 = Release|Any CPU
		{0D48A298-44CE-4F7A-BE2E-BF08EA264B9A}.Debug|Any CPU.ActiveCfg = Debug|Any CPU
		{0D48A298-44CE-4F7A-BE2E-BF08EA264B9A}.Debug|Any CPU.Build.0 = Debug|Any CPU
		{0D48A298-44CE-4F7A-BE2E-BF08EA264B9A}.Debug|x64.ActiveCfg = Debug|Any CPU
		{0D48A298-44CE-4F7A-BE2E-BF08EA264B9A}.Debug|x64.Build.0 = Debug|Any CPU
		{0D48A298-44CE-4F7A-BE2E-BF08EA264B9A}.Debug|x86.ActiveCfg = Debug|Any CPU
		{0D48A298-44CE-4F7A-BE2E-BF08EA264B9A}.Debug|x86.Build.0 = Debug|Any CPU
		{0D48A298-44CE-4F7A-BE2E-BF08EA264B9A}.Release|Any CPU.ActiveCfg = Release|Any CPU
		{0D48A298-44CE-4F7A-BE2E-BF08EA264B9A}.Release|Any CPU.Build.0 = Release|Any CPU
		{0D48A298-44CE-4F7A-BE2E-BF08EA264B9A}.Release|x64.ActiveCfg = Release|Any CPU
		{0D48A298-44CE-4F7A-BE2E-BF08EA264B9A}.Release|x64.Build.0 = Release|Any CPU
		{0D48A298-44CE-4F7A-BE2E-BF08EA264B9A}.Release|x86.ActiveCfg = Release|Any CPU
		{0D48A298-44CE-4F7A-BE2E-BF08EA264B9A}.Release|x86.Build.0 = Release|Any CPU
	EndGlobalSection
	GlobalSection(SolutionProperties) = preSolution
		HideSolutionNode = FALSE
	EndGlobalSection
	GlobalSection(NestedProjects) = preSolution
		{C5AFB0DB-8C56-4C3C-B29E-ABC8B908FF74} = {07C2787E-EAC7-C090-1BA3-A61EC2A24D84}
		{0D90C33A-54B0-4CE9-A221-BB324C684B0A} = {0AB3BF05-4346-4AA6-1389-037BE0695223}
		{90C486DB-B787-4F9B-947D-716EA31D6C8D} = {07C2787E-EAC7-C090-1BA3-A61EC2A24D84}
		{A1653E57-A4BB-4124-B51C-7BCDF313FF79} = {0AB3BF05-4346-4AA6-1389-037BE0695223}
		{C0C4A5BA-F810-434B-BA7D-E3A419D1DE17} = {0AB3BF05-4346-4AA6-1389-037BE0695223}
		{0D48A298-44CE-4F7A-BE2E-BF08EA264B9A} = {0AB3BF05-4346-4AA6-1389-037BE0695223}
	EndGlobalSection
	GlobalSection(ExtensibilityGlobals) = postSolution
		SolutionGuid = {9B7B382A-8A84-4F1E-B4FC-755E7D340348}
	EndGlobalSection
EndGlobal
